// !$*UTF8*$!
{
	archiveVersion = 1;
	classes = {
	};
	objectVersion = 56;
	objects = {

/* Begin PBXBuildFile section */
		8E4129382C92F45E00CA0719 /* VpnClientApp.swift in Sources */ = {isa = PBXBuildFile; fileRef = 8E4129372C92F45E00CA0719 /* VpnClientApp.swift */; };
		8E41293A2C92F45E00CA0719 /* VpnClientView.swift in Sources */ = {isa = PBXBuildFile; fileRef = 8E4129392C92F45E00CA0719 /* VpnClientView.swift */; };
		8E41293C2C92F45F00CA0719 /* Assets.xcassets in Resources */ = {isa = PBXBuildFile; fileRef = 8E41293B2C92F45F00CA0719 /* Assets.xcassets */; };
		8E4129402C92F45F00CA0719 /* Preview Assets.xcassets in Resources */ = {isa = PBXBuildFile; fileRef = 8E41293F2C92F45F00CA0719 /* Preview Assets.xcassets */; };
		8E41294A2C92F45F00CA0719 /* VpnClientTests.swift in Sources */ = {isa = PBXBuildFile; fileRef = 8E4129492C92F45F00CA0719 /* VpnClientTests.swift */; };
		8E4129542C92F45F00CA0719 /* VpnClientUITests.swift in Sources */ = {isa = PBXBuildFile; fileRef = 8E4129532C92F45F00CA0719 /* VpnClientUITests.swift */; };
		8E4129562C92F45F00CA0719 /* VpnClientUITestsLaunchTests.swift in Sources */ = {isa = PBXBuildFile; fileRef = 8E4129552C92F45F00CA0719 /* VpnClientUITestsLaunchTests.swift */; };
		8E4129642C92F7D700CA0719 /* VpnManagerProtocol.swift in Sources */ = {isa = PBXBuildFile; fileRef = 8E4129632C92F7D700CA0719 /* VpnManagerProtocol.swift */; };
		8E4129672C92FD9B00CA0719 /* VpnStatusMonitorProtocol.swift in Sources */ = {isa = PBXBuildFile; fileRef = 8E4129652C92FBB100CA0719 /* VpnStatusMonitorProtocol.swift */; };
		8E41296A2C92FE4000CA0719 /* VpnConnectionMonitor.swift in Sources */ = {isa = PBXBuildFile; fileRef = 8E4129692C92FE4000CA0719 /* VpnConnectionMonitor.swift */; };
		8E41296D2C93023500CA0719 /* MockNETunnelProviderManager.swift in Sources */ = {isa = PBXBuildFile; fileRef = 8E41296C2C93023500CA0719 /* MockNETunnelProviderManager.swift */; };
		8E41296F2C93028500CA0719 /* MockConnection.swift in Sources */ = {isa = PBXBuildFile; fileRef = 8E41296E2C93028500CA0719 /* MockConnection.swift */; };
		8E4129712C9302E200CA0719 /* VpnConnectionMonitorTests.swift in Sources */ = {isa = PBXBuildFile; fileRef = 8E4129702C9302E200CA0719 /* VpnConnectionMonitorTests.swift */; };
		8E4129732C93052E00CA0719 /* VpnManager.swift in Sources */ = {isa = PBXBuildFile; fileRef = 8E4129722C93052E00CA0719 /* VpnManager.swift */; };
		8E4129752C93132800CA0719 /* MockVpnConnectionMonitor.swift in Sources */ = {isa = PBXBuildFile; fileRef = 8E4129742C93132800CA0719 /* MockVpnConnectionMonitor.swift */; };
		8E4129772C93136600CA0719 /* VpnManagerTests.swift in Sources */ = {isa = PBXBuildFile; fileRef = 8E4129762C93136600CA0719 /* VpnManagerTests.swift */; };
/* End PBXBuildFile section */

/* Begin PBXContainerItemProxy section */
		8E4129462C92F45F00CA0719 /* PBXContainerItemProxy */ = {
			isa = PBXContainerItemProxy;
			containerPortal = 8E41292C2C92F45E00CA0719 /* Project object */;
			proxyType = 1;
			remoteGlobalIDString = 8E4129332C92F45E00CA0719;
			remoteInfo = VpnClient;
		};
		8E4129502C92F45F00CA0719 /* PBXContainerItemProxy */ = {
			isa = PBXContainerItemProxy;
			containerPortal = 8E41292C2C92F45E00CA0719 /* Project object */;
			proxyType = 1;
			remoteGlobalIDString = 8E4129332C92F45E00CA0719;
			remoteInfo = VpnClient;
		};
/* End PBXContainerItemProxy section */

/* Begin PBXFileReference section */
		8E4129342C92F45E00CA0719 /* VpnClient.app */ = {isa = PBXFileReference; explicitFileType = wrapper.application; includeInIndex = 0; path = VpnClient.app; sourceTree = BUILT_PRODUCTS_DIR; };
		8E4129372C92F45E00CA0719 /* VpnClientApp.swift */ = {isa = PBXFileReference; lastKnownFileType = sourcecode.swift; path = VpnClientApp.swift; sourceTree = "<group>"; };
		8E4129392C92F45E00CA0719 /* VpnClientView.swift */ = {isa = PBXFileReference; lastKnownFileType = sourcecode.swift; path = VpnClientView.swift; sourceTree = "<group>"; };
		8E41293B2C92F45F00CA0719 /* Assets.xcassets */ = {isa = PBXFileReference; lastKnownFileType = folder.assetcatalog; path = Assets.xcassets; sourceTree = "<group>"; };
		8E41293D2C92F45F00CA0719 /* VpnClient.entitlements */ = {isa = PBXFileReference; lastKnownFileType = text.plist.entitlements; path = VpnClient.entitlements; sourceTree = "<group>"; };
		8E41293F2C92F45F00CA0719 /* Preview Assets.xcassets */ = {isa = PBXFileReference; lastKnownFileType = folder.assetcatalog; path = "Preview Assets.xcassets"; sourceTree = "<group>"; };
		8E4129452C92F45F00CA0719 /* VpnClientTests.xctest */ = {isa = PBXFileReference; explicitFileType = wrapper.cfbundle; includeInIndex = 0; path = VpnClientTests.xctest; sourceTree = BUILT_PRODUCTS_DIR; };
		8E4129492C92F45F00CA0719 /* VpnClientTests.swift */ = {isa = PBXFileReference; lastKnownFileType = sourcecode.swift; path = VpnClientTests.swift; sourceTree = "<group>"; };
		8E41294F2C92F45F00CA0719 /* VpnClientUITests.xctest */ = {isa = PBXFileReference; explicitFileType = wrapper.cfbundle; includeInIndex = 0; path = VpnClientUITests.xctest; sourceTree = BUILT_PRODUCTS_DIR; };
		8E4129532C92F45F00CA0719 /* VpnClientUITests.swift */ = {isa = PBXFileReference; lastKnownFileType = sourcecode.swift; path = VpnClientUITests.swift; sourceTree = "<group>"; };
		8E4129552C92F45F00CA0719 /* VpnClientUITestsLaunchTests.swift */ = {isa = PBXFileReference; lastKnownFileType = sourcecode.swift; path = VpnClientUITestsLaunchTests.swift; sourceTree = "<group>"; };
		8E4129632C92F7D700CA0719 /* VpnManagerProtocol.swift */ = {isa = PBXFileReference; lastKnownFileType = sourcecode.swift; path = VpnManagerProtocol.swift; sourceTree = "<group>"; };
		8E4129652C92FBB100CA0719 /* VpnStatusMonitorProtocol.swift */ = {isa = PBXFileReference; lastKnownFileType = sourcecode.swift; path = VpnStatusMonitorProtocol.swift; sourceTree = "<group>"; };
		8E4129692C92FE4000CA0719 /* VpnConnectionMonitor.swift */ = {isa = PBXFileReference; lastKnownFileType = sourcecode.swift; path = VpnConnectionMonitor.swift; sourceTree = "<group>"; };
		8E41296C2C93023500CA0719 /* MockNETunnelProviderManager.swift */ = {isa = PBXFileReference; lastKnownFileType = sourcecode.swift; path = MockNETunnelProviderManager.swift; sourceTree = "<group>"; };
		8E41296E2C93028500CA0719 /* MockConnection.swift */ = {isa = PBXFileReference; lastKnownFileType = sourcecode.swift; path = MockConnection.swift; sourceTree = "<group>"; };
		8E4129702C9302E200CA0719 /* VpnConnectionMonitorTests.swift */ = {isa = PBXFileReference; lastKnownFileType = sourcecode.swift; path = VpnConnectionMonitorTests.swift; sourceTree = "<group>"; };
		8E4129722C93052E00CA0719 /* VpnManager.swift */ = {isa = PBXFileReference; lastKnownFileType = sourcecode.swift; path = VpnManager.swift; sourceTree = "<group>"; };
		8E4129742C93132800CA0719 /* MockVpnConnectionMonitor.swift */ = {isa = PBXFileReference; lastKnownFileType = sourcecode.swift; path = MockVpnConnectionMonitor.swift; sourceTree = "<group>"; };
		8E4129762C93136600CA0719 /* VpnManagerTests.swift */ = {isa = PBXFileReference; lastKnownFileType = sourcecode.swift; path = VpnManagerTests.swift; sourceTree = "<group>"; };
/* End PBXFileReference section */

/* Begin PBXFrameworksBuildPhase section */
		8E4129312C92F45E00CA0719 /* Frameworks */ = {
			isa = PBXFrameworksBuildPhase;
			buildActionMask = 2147483647;
			files = (
			);
			runOnlyForDeploymentPostprocessing = 0;
		};
		8E4129422C92F45F00CA0719 /* Frameworks */ = {
			isa = PBXFrameworksBuildPhase;
			buildActionMask = 2147483647;
			files = (
			);
			runOnlyForDeploymentPostprocessing = 0;
		};
		8E41294C2C92F45F00CA0719 /* Frameworks */ = {
			isa = PBXFrameworksBuildPhase;
			buildActionMask = 2147483647;
			files = (
			);
			runOnlyForDeploymentPostprocessing = 0;
		};
/* End PBXFrameworksBuildPhase section */

/* Begin PBXGroup section */
		8E41292B2C92F45E00CA0719 = {
			isa = PBXGroup;
			children = (
				8E4129362C92F45E00CA0719 /* VpnClient */,
				8E4129482C92F45F00CA0719 /* VpnClientTests */,
				8E4129522C92F45F00CA0719 /* VpnClientUITests */,
				8E4129352C92F45E00CA0719 /* Products */,
			);
			sourceTree = "<group>";
		};
		8E4129352C92F45E00CA0719 /* Products */ = {
			isa = PBXGroup;
			children = (
				8E4129342C92F45E00CA0719 /* VpnClient.app */,
				8E4129452C92F45F00CA0719 /* VpnClientTests.xctest */,
				8E41294F2C92F45F00CA0719 /* VpnClientUITests.xctest */,
			);
			name = Products;
			sourceTree = "<group>";
		};
		8E4129362C92F45E00CA0719 /* VpnClient */ = {
			isa = PBXGroup;
			children = (
				8E4129682C92FE1D00CA0719 /* VpnConnection */,
				8E4129622C92F7AC00CA0719 /* Protocols */,
				8E4129372C92F45E00CA0719 /* VpnClientApp.swift */,
				8E4129392C92F45E00CA0719 /* VpnClientView.swift */,
				8E41293B2C92F45F00CA0719 /* Assets.xcassets */,
				8E41293D2C92F45F00CA0719 /* VpnClient.entitlements */,
				8E41293E2C92F45F00CA0719 /* Preview Content */,
			);
			path = VpnClient;
			sourceTree = "<group>";
		};
		8E41293E2C92F45F00CA0719 /* Preview Content */ = {
			isa = PBXGroup;
			children = (
				8E41293F2C92F45F00CA0719 /* Preview Assets.xcassets */,
			);
			path = "Preview Content";
			sourceTree = "<group>";
		};
		8E4129482C92F45F00CA0719 /* VpnClientTests */ = {
			isa = PBXGroup;
			children = (
				8E41296B2C93020D00CA0719 /* Mocks */,
				8E4129492C92F45F00CA0719 /* VpnClientTests.swift */,
				8E4129702C9302E200CA0719 /* VpnConnectionMonitorTests.swift */,
				8E4129762C93136600CA0719 /* VpnManagerTests.swift */,
			);
			path = VpnClientTests;
			sourceTree = "<group>";
		};
		8E4129522C92F45F00CA0719 /* VpnClientUITests */ = {
			isa = PBXGroup;
			children = (
				8E4129532C92F45F00CA0719 /* VpnClientUITests.swift */,
				8E4129552C92F45F00CA0719 /* VpnClientUITestsLaunchTests.swift */,
			);
			path = VpnClientUITests;
			sourceTree = "<group>";
		};
		8E4129622C92F7AC00CA0719 /* Protocols */ = {
			isa = PBXGroup;
			children = (
				8E4129652C92FBB100CA0719 /* VpnStatusMonitorProtocol.swift */,
				8E4129632C92F7D700CA0719 /* VpnManagerProtocol.swift */,
			);
			path = Protocols;
			sourceTree = "<group>";
		};
		8E4129682C92FE1D00CA0719 /* VpnConnection */ = {
			isa = PBXGroup;
			children = (
				8E4129692C92FE4000CA0719 /* VpnConnectionMonitor.swift */,
				8E4129722C93052E00CA0719 /* VpnManager.swift */,
			);
			path = VpnConnection;
			sourceTree = "<group>";
		};
		8E41296B2C93020D00CA0719 /* Mocks */ = {
			isa = PBXGroup;
			children = (
				8E41296C2C93023500CA0719 /* MockNETunnelProviderManager.swift */,
				8E41296E2C93028500CA0719 /* MockConnection.swift */,
				8E4129742C93132800CA0719 /* MockVpnConnectionMonitor.swift */,
			);
			path = Mocks;
			sourceTree = "<group>";
		};
/* End PBXGroup section */

/* Begin PBXNativeTarget section */
		8E4129332C92F45E00CA0719 /* VpnClient */ = {
			isa = PBXNativeTarget;
			buildConfigurationList = 8E4129592C92F45F00CA0719 /* Build configuration list for PBXNativeTarget "VpnClient" */;
			buildPhases = (
				8E4129302C92F45E00CA0719 /* Sources */,
				8E4129312C92F45E00CA0719 /* Frameworks */,
				8E4129322C92F45E00CA0719 /* Resources */,
			);
			buildRules = (
			);
			dependencies = (
			);
			name = VpnClient;
			productName = VpnClient;
			productReference = 8E4129342C92F45E00CA0719 /* VpnClient.app */;
			productType = "com.apple.product-type.application";
		};
		8E4129442C92F45F00CA0719 /* VpnClientTests */ = {
			isa = PBXNativeTarget;
			buildConfigurationList = 8E41295C2C92F45F00CA0719 /* Build configuration list for PBXNativeTarget "VpnClientTests" */;
			buildPhases = (
				8E4129412C92F45F00CA0719 /* Sources */,
				8E4129422C92F45F00CA0719 /* Frameworks */,
				8E4129432C92F45F00CA0719 /* Resources */,
			);
			buildRules = (
			);
			dependencies = (
				8E4129472C92F45F00CA0719 /* PBXTargetDependency */,
			);
			name = VpnClientTests;
			productName = VpnClientTests;
			productReference = 8E4129452C92F45F00CA0719 /* VpnClientTests.xctest */;
			productType = "com.apple.product-type.bundle.unit-test";
		};
		8E41294E2C92F45F00CA0719 /* VpnClientUITests */ = {
			isa = PBXNativeTarget;
			buildConfigurationList = 8E41295F2C92F45F00CA0719 /* Build configuration list for PBXNativeTarget "VpnClientUITests" */;
			buildPhases = (
				8E41294B2C92F45F00CA0719 /* Sources */,
				8E41294C2C92F45F00CA0719 /* Frameworks */,
				8E41294D2C92F45F00CA0719 /* Resources */,
			);
			buildRules = (
			);
			dependencies = (
				8E4129512C92F45F00CA0719 /* PBXTargetDependency */,
			);
			name = VpnClientUITests;
			productName = VpnClientUITests;
			productReference = 8E41294F2C92F45F00CA0719 /* VpnClientUITests.xctest */;
			productType = "com.apple.product-type.bundle.ui-testing";
		};
/* End PBXNativeTarget section */

/* Begin PBXProject section */
		8E41292C2C92F45E00CA0719 /* Project object */ = {
			isa = PBXProject;
			attributes = {
				BuildIndependentTargetsInParallel = 1;
				LastSwiftUpdateCheck = 1540;
				LastUpgradeCheck = 1540;
				TargetAttributes = {
					8E4129332C92F45E00CA0719 = {
						CreatedOnToolsVersion = 15.4;
					};
					8E4129442C92F45F00CA0719 = {
						CreatedOnToolsVersion = 15.4;
						TestTargetID = 8E4129332C92F45E00CA0719;
					};
					8E41294E2C92F45F00CA0719 = {
						CreatedOnToolsVersion = 15.4;
						TestTargetID = 8E4129332C92F45E00CA0719;
					};
				};
			};
			buildConfigurationList = 8E41292F2C92F45E00CA0719 /* Build configuration list for PBXProject "VpnClient" */;
			compatibilityVersion = "Xcode 14.0";
			developmentRegion = en;
			hasScannedForEncodings = 0;
			knownRegions = (
				en,
				Base,
			);
			mainGroup = 8E41292B2C92F45E00CA0719;
			productRefGroup = 8E4129352C92F45E00CA0719 /* Products */;
			projectDirPath = "";
			projectRoot = "";
			targets = (
				8E4129332C92F45E00CA0719 /* VpnClient */,
				8E4129442C92F45F00CA0719 /* VpnClientTests */,
				8E41294E2C92F45F00CA0719 /* VpnClientUITests */,
			);
		};
/* End PBXProject section */

/* Begin PBXResourcesBuildPhase section */
		8E4129322C92F45E00CA0719 /* Resources */ = {
			isa = PBXResourcesBuildPhase;
			buildActionMask = 2147483647;
			files = (
				8E4129402C92F45F00CA0719 /* Preview Assets.xcassets in Resources */,
				8E41293C2C92F45F00CA0719 /* Assets.xcassets in Resources */,
			);
			runOnlyForDeploymentPostprocessing = 0;
		};
		8E4129432C92F45F00CA0719 /* Resources */ = {
			isa = PBXResourcesBuildPhase;
			buildActionMask = 2147483647;
			files = (
			);
			runOnlyForDeploymentPostprocessing = 0;
		};
		8E41294D2C92F45F00CA0719 /* Resources */ = {
			isa = PBXResourcesBuildPhase;
			buildActionMask = 2147483647;
			files = (
			);
			runOnlyForDeploymentPostprocessing = 0;
		};
/* End PBXResourcesBuildPhase section */

/* Begin PBXSourcesBuildPhase section */
		8E4129302C92F45E00CA0719 /* Sources */ = {
			isa = PBXSourcesBuildPhase;
			buildActionMask = 2147483647;
			files = (
				8E41296A2C92FE4000CA0719 /* VpnConnectionMonitor.swift in Sources */,
				8E41293A2C92F45E00CA0719 /* VpnClientView.swift in Sources */,
				8E4129732C93052E00CA0719 /* VpnManager.swift in Sources */,
				8E4129642C92F7D700CA0719 /* VpnManagerProtocol.swift in Sources */,
				8E4129382C92F45E00CA0719 /* VpnClientApp.swift in Sources */,
				8E4129672C92FD9B00CA0719 /* VpnStatusMonitorProtocol.swift in Sources */,
			);
			runOnlyForDeploymentPostprocessing = 0;
		};
		8E4129412C92F45F00CA0719 /* Sources */ = {
			isa = PBXSourcesBuildPhase;
			buildActionMask = 2147483647;
			files = (
				8E4129772C93136600CA0719 /* VpnManagerTests.swift in Sources */,
				8E41296F2C93028500CA0719 /* MockConnection.swift in Sources */,
				8E4129712C9302E200CA0719 /* VpnConnectionMonitorTests.swift in Sources */,
				8E4129752C93132800CA0719 /* MockVpnConnectionMonitor.swift in Sources */,
				8E41294A2C92F45F00CA0719 /* VpnClientTests.swift in Sources */,
				8E41296D2C93023500CA0719 /* MockNETunnelProviderManager.swift in Sources */,
			);
			runOnlyForDeploymentPostprocessing = 0;
		};
		8E41294B2C92F45F00CA0719 /* Sources */ = {
			isa = PBXSourcesBuildPhase;
			buildActionMask = 2147483647;
			files = (
				8E4129562C92F45F00CA0719 /* VpnClientUITestsLaunchTests.swift in Sources */,
				8E4129542C92F45F00CA0719 /* VpnClientUITests.swift in Sources */,
			);
			runOnlyForDeploymentPostprocessing = 0;
		};
/* End PBXSourcesBuildPhase section */

/* Begin PBXTargetDependency section */
		8E4129472C92F45F00CA0719 /* PBXTargetDependency */ = {
			isa = PBXTargetDependency;
			target = 8E4129332C92F45E00CA0719 /* VpnClient */;
			targetProxy = 8E4129462C92F45F00CA0719 /* PBXContainerItemProxy */;
		};
		8E4129512C92F45F00CA0719 /* PBXTargetDependency */ = {
			isa = PBXTargetDependency;
			target = 8E4129332C92F45E00CA0719 /* VpnClient */;
			targetProxy = 8E4129502C92F45F00CA0719 /* PBXContainerItemProxy */;
		};
/* End PBXTargetDependency section */

/* Begin XCBuildConfiguration section */
		8E4129572C92F45F00CA0719 /* Debug */ = {
			isa = XCBuildConfiguration;
			buildSettings = {
				ALWAYS_SEARCH_USER_PATHS = NO;
				ASSETCATALOG_COMPILER_GENERATE_SWIFT_ASSET_SYMBOL_EXTENSIONS = YES;
				CLANG_ANALYZER_NONNULL = YES;
				CLANG_ANALYZER_NUMBER_OBJECT_CONVERSION = YES_AGGRESSIVE;
				CLANG_CXX_LANGUAGE_STANDARD = "gnu++20";
				CLANG_ENABLE_MODULES = YES;
				CLANG_ENABLE_OBJC_ARC = YES;
				CLANG_ENABLE_OBJC_WEAK = YES;
				CLANG_WARN_BLOCK_CAPTURE_AUTORELEASING = YES;
				CLANG_WARN_BOOL_CONVERSION = YES;
				CLANG_WARN_COMMA = YES;
				CLANG_WARN_CONSTANT_CONVERSION = YES;
				CLANG_WARN_DEPRECATED_OBJC_IMPLEMENTATIONS = YES;
				CLANG_WARN_DIRECT_OBJC_ISA_USAGE = YES_ERROR;
				CLANG_WARN_DOCUMENTATION_COMMENTS = YES;
				CLANG_WARN_EMPTY_BODY = YES;
				CLANG_WARN_ENUM_CONVERSION = YES;
				CLANG_WARN_INFINITE_RECURSION = YES;
				CLANG_WARN_INT_CONVERSION = YES;
				CLANG_WARN_NON_LITERAL_NULL_CONVERSION = YES;
				CLANG_WARN_OBJC_IMPLICIT_RETAIN_SELF = YES;
				CLANG_WARN_OBJC_LITERAL_CONVERSION = YES;
				CLANG_WARN_OBJC_ROOT_CLASS = YES_ERROR;
				CLANG_WARN_QUOTED_INCLUDE_IN_FRAMEWORK_HEADER = YES;
				CLANG_WARN_RANGE_LOOP_ANALYSIS = YES;
				CLANG_WARN_STRICT_PROTOTYPES = YES;
				CLANG_WARN_SUSPICIOUS_MOVE = YES;
				CLANG_WARN_UNGUARDED_AVAILABILITY = YES_AGGRESSIVE;
				CLANG_WARN_UNREACHABLE_CODE = YES;
				CLANG_WARN__DUPLICATE_METHOD_MATCH = YES;
				COPY_PHASE_STRIP = NO;
				DEBUG_INFORMATION_FORMAT = dwarf;
				ENABLE_STRICT_OBJC_MSGSEND = YES;
				ENABLE_TESTABILITY = YES;
				ENABLE_USER_SCRIPT_SANDBOXING = YES;
				GCC_C_LANGUAGE_STANDARD = gnu17;
				GCC_DYNAMIC_NO_PIC = NO;
				GCC_NO_COMMON_BLOCKS = YES;
				GCC_OPTIMIZATION_LEVEL = 0;
				GCC_PREPROCESSOR_DEFINITIONS = (
					"DEBUG=1",
					"$(inherited)",
				);
				GCC_WARN_64_TO_32_BIT_CONVERSION = YES;
				GCC_WARN_ABOUT_RETURN_TYPE = YES_ERROR;
				GCC_WARN_UNDECLARED_SELECTOR = YES;
				GCC_WARN_UNINITIALIZED_AUTOS = YES_AGGRESSIVE;
				GCC_WARN_UNUSED_FUNCTION = YES;
				GCC_WARN_UNUSED_VARIABLE = YES;
				LOCALIZATION_PREFERS_STRING_CATALOGS = YES;
				MTL_ENABLE_DEBUG_INFO = INCLUDE_SOURCE;
				MTL_FAST_MATH = YES;
				ONLY_ACTIVE_ARCH = YES;
				SWIFT_ACTIVE_COMPILATION_CONDITIONS = "DEBUG $(inherited)";
				SWIFT_OPTIMIZATION_LEVEL = "-Onone";
			};
			name = Debug;
		};
		8E4129582C92F45F00CA0719 /* Release */ = {
			isa = XCBuildConfiguration;
			buildSettings = {
				ALWAYS_SEARCH_USER_PATHS = NO;
				ASSETCATALOG_COMPILER_GENERATE_SWIFT_ASSET_SYMBOL_EXTENSIONS = YES;
				CLANG_ANALYZER_NONNULL = YES;
				CLANG_ANALYZER_NUMBER_OBJECT_CONVERSION = YES_AGGRESSIVE;
				CLANG_CXX_LANGUAGE_STANDARD = "gnu++20";
				CLANG_ENABLE_MODULES = YES;
				CLANG_ENABLE_OBJC_ARC = YES;
				CLANG_ENABLE_OBJC_WEAK = YES;
				CLANG_WARN_BLOCK_CAPTURE_AUTORELEASING = YES;
				CLANG_WARN_BOOL_CONVERSION = YES;
				CLANG_WARN_COMMA = YES;
				CLANG_WARN_CONSTANT_CONVERSION = YES;
				CLANG_WARN_DEPRECATED_OBJC_IMPLEMENTATIONS = YES;
				CLANG_WARN_DIRECT_OBJC_ISA_USAGE = YES_ERROR;
				CLANG_WARN_DOCUMENTATION_COMMENTS = YES;
				CLANG_WARN_EMPTY_BODY = YES;
				CLANG_WARN_ENUM_CONVERSION = YES;
				CLANG_WARN_INFINITE_RECURSION = YES;
				CLANG_WARN_INT_CONVERSION = YES;
				CLANG_WARN_NON_LITERAL_NULL_CONVERSION = YES;
				CLANG_WARN_OBJC_IMPLICIT_RETAIN_SELF = YES;
				CLANG_WARN_OBJC_LITERAL_CONVERSION = YES;
				CLANG_WARN_OBJC_ROOT_CLASS = YES_ERROR;
				CLANG_WARN_QUOTED_INCLUDE_IN_FRAMEWORK_HEADER = YES;
				CLANG_WARN_RANGE_LOOP_ANALYSIS = YES;
				CLANG_WARN_STRICT_PROTOTYPES = YES;
				CLANG_WARN_SUSPICIOUS_MOVE = YES;
				CLANG_WARN_UNGUARDED_AVAILABILITY = YES_AGGRESSIVE;
				CLANG_WARN_UNREACHABLE_CODE = YES;
				CLANG_WARN__DUPLICATE_METHOD_MATCH = YES;
				COPY_PHASE_STRIP = NO;
				DEBUG_INFORMATION_FORMAT = "dwarf-with-dsym";
				ENABLE_NS_ASSERTIONS = NO;
				ENABLE_STRICT_OBJC_MSGSEND = YES;
				ENABLE_USER_SCRIPT_SANDBOXING = YES;
				GCC_C_LANGUAGE_STANDARD = gnu17;
				GCC_NO_COMMON_BLOCKS = YES;
				GCC_WARN_64_TO_32_BIT_CONVERSION = YES;
				GCC_WARN_ABOUT_RETURN_TYPE = YES_ERROR;
				GCC_WARN_UNDECLARED_SELECTOR = YES;
				GCC_WARN_UNINITIALIZED_AUTOS = YES_AGGRESSIVE;
				GCC_WARN_UNUSED_FUNCTION = YES;
				GCC_WARN_UNUSED_VARIABLE = YES;
				LOCALIZATION_PREFERS_STRING_CATALOGS = YES;
				MTL_ENABLE_DEBUG_INFO = NO;
				MTL_FAST_MATH = YES;
				SWIFT_COMPILATION_MODE = wholemodule;
			};
			name = Release;
		};
		8E41295A2C92F45F00CA0719 /* Debug */ = {
			isa = XCBuildConfiguration;
			buildSettings = {
				ASSETCATALOG_COMPILER_APPICON_NAME = AppIcon;
				ASSETCATALOG_COMPILER_GLOBAL_ACCENT_COLOR_NAME = AccentColor;
				CODE_SIGN_ENTITLEMENTS = VpnClient/VpnClient.entitlements;
				CODE_SIGN_STYLE = Automatic;
				CURRENT_PROJECT_VERSION = 1;
				DEVELOPMENT_ASSET_PATHS = "\"VpnClient/Preview Content\"";
				DEVELOPMENT_TEAM = 7X8WVYDFHZ;
				ENABLE_HARDENED_RUNTIME = YES;
				ENABLE_PREVIEWS = YES;
				GENERATE_INFOPLIST_FILE = YES;
				"INFOPLIST_KEY_UIApplicationSceneManifest_Generation[sdk=iphoneos*]" = YES;
				"INFOPLIST_KEY_UIApplicationSceneManifest_Generation[sdk=iphonesimulator*]" = YES;
				"INFOPLIST_KEY_UIApplicationSupportsIndirectInputEvents[sdk=iphoneos*]" = YES;
				"INFOPLIST_KEY_UIApplicationSupportsIndirectInputEvents[sdk=iphonesimulator*]" = YES;
				"INFOPLIST_KEY_UILaunchScreen_Generation[sdk=iphoneos*]" = YES;
				"INFOPLIST_KEY_UILaunchScreen_Generation[sdk=iphonesimulator*]" = YES;
				"INFOPLIST_KEY_UIStatusBarStyle[sdk=iphoneos*]" = UIStatusBarStyleDefault;
				"INFOPLIST_KEY_UIStatusBarStyle[sdk=iphonesimulator*]" = UIStatusBarStyleDefault;
				INFOPLIST_KEY_UISupportedInterfaceOrientations_iPad = "UIInterfaceOrientationPortrait UIInterfaceOrientationPortraitUpsideDown UIInterfaceOrientationLandscapeLeft UIInterfaceOrientationLandscapeRight";
				INFOPLIST_KEY_UISupportedInterfaceOrientations_iPhone = "UIInterfaceOrientationPortrait UIInterfaceOrientationLandscapeLeft UIInterfaceOrientationLandscapeRight";
				IPHONEOS_DEPLOYMENT_TARGET = 17.5;
				LD_RUNPATH_SEARCH_PATHS = "@executable_path/Frameworks";
				"LD_RUNPATH_SEARCH_PATHS[sdk=macosx*]" = "@executable_path/../Frameworks";
				MACOSX_DEPLOYMENT_TARGET = 14.5;
				MARKETING_VERSION = 1.0;
				PRODUCT_BUNDLE_IDENTIFIER = de.chapter.demos.VpnClient02;
				PRODUCT_NAME = "$(TARGET_NAME)";
				SDKROOT = auto;
				SUPPORTED_PLATFORMS = "iphoneos iphonesimulator macosx";
				SWIFT_EMIT_LOC_STRINGS = YES;
				SWIFT_VERSION = 5.0;
				TARGETED_DEVICE_FAMILY = "1,2";
			};
			name = Debug;
		};
		8E41295B2C92F45F00CA0719 /* Release */ = {
			isa = XCBuildConfiguration;
			buildSettings = {
				ASSETCATALOG_COMPILER_APPICON_NAME = AppIcon;
				ASSETCATALOG_COMPILER_GLOBAL_ACCENT_COLOR_NAME = AccentColor;
				CODE_SIGN_ENTITLEMENTS = VpnClient/VpnClient.entitlements;
				CODE_SIGN_STYLE = Automatic;
				CURRENT_PROJECT_VERSION = 1;
				DEVELOPMENT_ASSET_PATHS = "\"VpnClient/Preview Content\"";
				DEVELOPMENT_TEAM = 7X8WVYDFHZ;
				ENABLE_HARDENED_RUNTIME = YES;
				ENABLE_PREVIEWS = YES;
				GENERATE_INFOPLIST_FILE = YES;
				"INFOPLIST_KEY_UIApplicationSceneManifest_Generation[sdk=iphoneos*]" = YES;
				"INFOPLIST_KEY_UIApplicationSceneManifest_Generation[sdk=iphonesimulator*]" = YES;
				"INFOPLIST_KEY_UIApplicationSupportsIndirectInputEvents[sdk=iphoneos*]" = YES;
				"INFOPLIST_KEY_UIApplicationSupportsIndirectInputEvents[sdk=iphonesimulator*]" = YES;
				"INFOPLIST_KEY_UILaunchScreen_Generation[sdk=iphoneos*]" = YES;
				"INFOPLIST_KEY_UILaunchScreen_Generation[sdk=iphonesimulator*]" = YES;
				"INFOPLIST_KEY_UIStatusBarStyle[sdk=iphoneos*]" = UIStatusBarStyleDefault;
				"INFOPLIST_KEY_UIStatusBarStyle[sdk=iphonesimulator*]" = UIStatusBarStyleDefault;
				INFOPLIST_KEY_UISupportedInterfaceOrientations_iPad = "UIInterfaceOrientationPortrait UIInterfaceOrientationPortraitUpsideDown UIInterfaceOrientationLandscapeLeft UIInterfaceOrientationLandscapeRight";
				INFOPLIST_KEY_UISupportedInterfaceOrientations_iPhone = "UIInterfaceOrientationPortrait UIInterfaceOrientationLandscapeLeft UIInterfaceOrientationLandscapeRight";
				IPHONEOS_DEPLOYMENT_TARGET = 17.5;
				LD_RUNPATH_SEARCH_PATHS = "@executable_path/Frameworks";
				"LD_RUNPATH_SEARCH_PATHS[sdk=macosx*]" = "@executable_path/../Frameworks";
				MACOSX_DEPLOYMENT_TARGET = 14.5;
				MARKETING_VERSION = 1.0;
				PRODUCT_BUNDLE_IDENTIFIER = de.chapter.demos.VpnClient02;
				PRODUCT_NAME = "$(TARGET_NAME)";
				SDKROOT = auto;
				SUPPORTED_PLATFORMS = "iphoneos iphonesimulator macosx";
				SWIFT_EMIT_LOC_STRINGS = YES;
				SWIFT_VERSION = 5.0;
				TARGETED_DEVICE_FAMILY = "1,2";
			};
			name = Release;
		};
		8E41295D2C92F45F00CA0719 /* Debug */ = {
			isa = XCBuildConfiguration;
			buildSettings = {
				ALWAYS_EMBED_SWIFT_STANDARD_LIBRARIES = YES;
				BUNDLE_LOADER = "$(TEST_HOST)";
				CODE_SIGN_STYLE = Automatic;
				CURRENT_PROJECT_VERSION = 1;
				DEVELOPMENT_TEAM = 7X8WVYDFHZ;
				GENERATE_INFOPLIST_FILE = YES;
				IPHONEOS_DEPLOYMENT_TARGET = 17.5;
				MACOSX_DEPLOYMENT_TARGET = 14.5;
				MARKETING_VERSION = 1.0;
				PRODUCT_BUNDLE_IDENTIFIER = de.chapter.demos.VpnClientTests;
				PRODUCT_NAME = "$(TARGET_NAME)";
				SDKROOT = auto;
				SUPPORTED_PLATFORMS = "iphoneos iphonesimulator macosx";
				SWIFT_EMIT_LOC_STRINGS = NO;
				SWIFT_VERSION = 5.0;
				TARGETED_DEVICE_FAMILY = "1,2";
				TEST_HOST = "$(BUILT_PRODUCTS_DIR)/VpnClient.app/$(BUNDLE_EXECUTABLE_FOLDER_PATH)/VpnClient";
			};
			name = Debug;
		};
		8E41295E2C92F45F00CA0719 /* Release */ = {
			isa = XCBuildConfiguration;
			buildSettings = {
				ALWAYS_EMBED_SWIFT_STANDARD_LIBRARIES = YES;
				BUNDLE_LOADER = "$(TEST_HOST)";
				CODE_SIGN_STYLE = Automatic;
				CURRENT_PROJECT_VERSION = 1;
				DEVELOPMENT_TEAM = 7X8WVYDFHZ;
				GENERATE_INFOPLIST_FILE = YES;
				IPHONEOS_DEPLOYMENT_TARGET = 17.5;
				MACOSX_DEPLOYMENT_TARGET = 14.5;
				MARKETING_VERSION = 1.0;
				PRODUCT_BUNDLE_IDENTIFIER = de.chapter.demos.VpnClientTests;
				PRODUCT_NAME = "$(TARGET_NAME)";
				SDKROOT = auto;
				SUPPORTED_PLATFORMS = "iphoneos iphonesimulator macosx";
				SWIFT_EMIT_LOC_STRINGS = NO;
				SWIFT_VERSION = 5.0;
				TARGETED_DEVICE_FAMILY = "1,2";
				TEST_HOST = "$(BUILT_PRODUCTS_DIR)/VpnClient.app/$(BUNDLE_EXECUTABLE_FOLDER_PATH)/VpnClient";
			};
			name = Release;
		};
		8E4129602C92F45F00CA0719 /* Debug */ = {
			isa = XCBuildConfiguration;
			buildSettings = {
				ALWAYS_EMBED_SWIFT_STANDARD_LIBRARIES = YES;
				CODE_SIGN_STYLE = Automatic;
				CURRENT_PROJECT_VERSION = 1;
				DEVELOPMENT_TEAM = 7X8WVYDFHZ;
				GENERATE_INFOPLIST_FILE = YES;
				IPHONEOS_DEPLOYMENT_TARGET = 17.5;
				MACOSX_DEPLOYMENT_TARGET = 14.5;
				MARKETING_VERSION = 1.0;
				PRODUCT_BUNDLE_IDENTIFIER = de.chapter.demos.VpnClientUITests;
				PRODUCT_NAME = "$(TARGET_NAME)";
				SDKROOT = auto;
				SUPPORTED_PLATFORMS = "iphoneos iphonesimulator macosx";
				SWIFT_EMIT_LOC_STRINGS = NO;
				SWIFT_VERSION = 5.0;
				TARGETED_DEVICE_FAMILY = "1,2";
				TEST_TARGET_NAME = VpnClient;
			};
			name = Debug;
		};
		8E4129612C92F45F00CA0719 /* Release */ = {
			isa = XCBuildConfiguration;
			buildSettings = {
				ALWAYS_EMBED_SWIFT_STANDARD_LIBRARIES = YES;
				CODE_SIGN_STYLE = Automatic;
				CURRENT_PROJECT_VERSION = 1;
				DEVELOPMENT_TEAM = 7X8WVYDFHZ;
				GENERATE_INFOPLIST_FILE = YES;
				IPHONEOS_DEPLOYMENT_TARGET = 17.5;
				MACOSX_DEPLOYMENT_TARGET = 14.5;
				MARKETING_VERSION = 1.0;
				PRODUCT_BUNDLE_IDENTIFIER = de.chapter.demos.VpnClientUITests;
				PRODUCT_NAME = "$(TARGET_NAME)";
				SDKROOT = auto;
				SUPPORTED_PLATFORMS = "iphoneos iphonesimulator macosx";
				SWIFT_EMIT_LOC_STRINGS = NO;
				SWIFT_VERSION = 5.0;
				TARGETED_DEVICE_FAMILY = "1,2";
				TEST_TARGET_NAME = VpnClient;
			};
			name = Release;
		};
/* End XCBuildConfiguration section */

/* Begin XCConfigurationList section */
		8E41292F2C92F45E00CA0719 /* Build configuration list for PBXProject "VpnClient" */ = {
			isa = XCConfigurationList;
			buildConfigurations = (
				8E4129572C92F45F00CA0719 /* Debug */,
				8E4129582C92F45F00CA0719 /* Release */,
			);
			defaultConfigurationIsVisible = 0;
			defaultConfigurationName = Release;
		};
		8E4129592C92F45F00CA0719 /* Build configuration list for PBXNativeTarget "VpnClient" */ = {
			isa = XCConfigurationList;
			buildConfigurations = (
				8E41295A2C92F45F00CA0719 /* Debug */,
				8E41295B2C92F45F00CA0719 /* Release */,
			);
			defaultConfigurationIsVisible = 0;
			defaultConfigurationName = Release;
		};
		8E41295C2C92F45F00CA0719 /* Build configuration list for PBXNativeTarget "VpnClientTests" */ = {
			isa = XCConfigurationList;
			buildConfigurations = (
				8E41295D2C92F45F00CA0719 /* Debug */,
				8E41295E2C92F45F00CA0719 /* Release */,
			);
			defaultConfigurationIsVisible = 0;
			defaultConfigurationName = Release;
		};
		8E41295F2C92F45F00CA0719 /* Build configuration list for PBXNativeTarget "VpnClientUITests" */ = {
			isa = XCConfigurationList;
			buildConfigurations = (
				8E4129602C92F45F00CA0719 /* Debug */,
				8E4129612C92F45F00CA0719 /* Release */,
			);
			defaultConfigurationIsVisible = 0;
			defaultConfigurationName = Release;
		};
/* End XCConfigurationList section */
	};
	rootObject = 8E41292C2C92F45E00CA0719 /* Project object */;
}
